
Microsoft Visual Studio Solution File, Format Version 12.00
# Visual Studio Version 17
VisualStudioVersion = 17.3.32922.545
MinimumVisualStudioVersion = 10.0.40219.1
Project("{FAE04EC0-301F-11D3-BF4B-00C04F79EFBC}") = "ProductGrpc", "ProductGrpc\ProductGrpc.csproj", "{A8377DD1-B395-4408-B248-F509E61638F7}"
EndProject
Global
	GlobalSection(SolutionConfigurationPlatforms) = preSolution
		Debug|Any CPU = Debug|Any CPU
		Release|Any CPU = Release|Any CPU
	EndGlobalSection
	GlobalSection(ProjectConfigurationPlatforms) = postSolution
		{A8377DD1-B395-4408-B248-F509E61638F7}.Debug|Any CPU.ActiveCfg = Debug|Any CPU
		{A8377DD1-B395-4408-B248-F509E61638F7}.Debug|Any CPU.Build.0 = Debug|Any CPU
		{A8377DD1-B395-4408-B248-F509E61638F7}.Release|Any CPU.ActiveCfg = Release|Any CPU
		{A8377DD1-B395-4408-B248-F509E61638F7}.Release|Any CPU.Build.0 = Release|Any CPU
	EndGlobalSection
	GlobalSection(SolutionProperties) = preSolution
		HideSolutionNode = FALSE
	EndGlobalSection
	GlobalSection(ExtensibilityGlobals) = postSolution
		SolutionGuid = {6E6DE4BD-5CDE-4FEE-8325-B3C3C9ABC5B0}
	EndGlobalSection
EndGlobal
